
Microsoft Visual Studio Solution File, Format Version 12.00
# Visual Studio Version 16
VisualStudioVersion = 16.0.30611.23
MinimumVisualStudioVersion = 10.0.40219.1
Project("{FAE04EC0-301F-11D3-BF4B-00C04F79EFBC}") = "Day05-EmployeeWageComputation", "Day05-EmployeeWageComputation\Day05-EmployeeWageComputation.csproj", "{38B28490-1561-49F9-8012-6540CBAC2709}"
EndProject
Global
	GlobalSection(SolutionConfigurationPlatforms) = preSolution
		Debug|Any CPU = Debug|Any CPU
		Release|Any CPU = Release|Any CPU
	EndGlobalSection
	GlobalSection(ProjectConfigurationPlatforms) = postSolution
		{38B28490-1561-49F9-8012-6540CBAC2709}.Debug|Any CPU.ActiveCfg = Debug|Any CPU
		{38B28490-1561-49F9-8012-6540CBAC2709}.Debug|Any CPU.Build.0 = Debug|Any CPU
		{38B28490-1561-49F9-8012-6540CBAC2709}.Release|Any CPU.ActiveCfg = Release|Any CPU
		{38B28490-1561-49F9-8012-6540CBAC2709}.Release|Any CPU.Build.0 = Release|Any CPU
	EndGlobalSection
	GlobalSection(SolutionProperties) = preSolution
		HideSolutionNode = FALSE
	EndGlobalSection
	GlobalSection(ExtensibilityGlobals) = postSolution
		SolutionGuid = {F52DCA5E-C359-45F5-B1D2-368DB86CC653}
	EndGlobalSection
EndGlobal
